
Microsoft Visual Studio Solution File, Format Version 10.00
# Visual Studio 2008
Project("{FAE04EC0-301F-11D3-BF4B-00C04F79EFBC}") = "KMPAlgorithm", "KMPAlgorithm.csproj", "{FD3974D8-E25E-4F33-9CB2-86096E889B41}"
EndProject
Project("{FAE04EC0-301F-11D3-BF4B-00C04F79EFBC}") = "DocReaders", "DocReaders\DocReaders\DocReaders.csproj", "{2A21B022-6D3A-4B28-9DEC-9D6ACCD731BB}"
EndProject
Global
	GlobalSection(SolutionConfigurationPlatforms) = preSolution
		Debug|Any CPU = Debug|Any CPU
		Release|Any CPU = Release|Any CPU
	EndGlobalSection
	GlobalSection(ProjectConfigurationPlatforms) = postSolution
		{FD3974D8-E25E-4F33-9CB2-86096E889B41}.Debug|Any CPU.ActiveCfg = Debug|Any CPU
		{FD3974D8-E25E-4F33-9CB2-86096E889B41}.Debug|Any CPU.Build.0 = Debug|Any CPU
		{FD3974D8-E25E-4F33-9CB2-86096E889B41}.Release|Any CPU.ActiveCfg = Release|Any CPU
		{FD3974D8-E25E-4F33-9CB2-86096E889B41}.Release|Any CPU.Build.0 = Release|Any CPU
		{2A21B022-6D3A-4B28-9DEC-9D6ACCD731BB}.Debug|Any CPU.ActiveCfg = Debug|Any CPU
		{2A21B022-6D3A-4B28-9DEC-9D6ACCD731BB}.Debug|Any CPU.Build.0 = Debug|Any CPU
		{2A21B022-6D3A-4B28-9DEC-9D6ACCD731BB}.Release|Any CPU.ActiveCfg = Release|Any CPU
		{2A21B022-6D3A-4B28-9DEC-9D6ACCD731BB}.Release|Any CPU.Build.0 = Release|Any CPU
	EndGlobalSection
	GlobalSection(SolutionProperties) = preSolution
		HideSolutionNode = FALSE
	EndGlobalSection
EndGlobal
